
Microsoft Visual Studio Solution File, Format Version 12.00
# Visual Studio Version 17
VisualStudioVersion = 17.10.35013.160
MinimumVisualStudioVersion = 10.0.40219.1
Project("{9A19103F-16F7-4668-BE54-9A1E7A4F7556}") = "Domain", "Doimain\Domain.csproj", "{7BF2F78B-5BF6-423C-8247-2A052F3EAE77}"
EndProject
Project("{9A19103F-16F7-4668-BE54-9A1E7A4F7556}") = "Infrastructure", "DataAccess\Infrastructure.csproj", "{6077FFD7-9584-4812-AEE5-4F79AFBF0B9D}"
EndProject
Project("{9A19103F-16F7-4668-BE54-9A1E7A4F7556}") = "Use_Cases", "UseCase\Use_Cases.csproj", "{D49B030A-8560-43E3-BEBE-FA979AC48046}"
EndProject
Project("{9A19103F-16F7-4668-BE54-9A1E7A4F7556}") = "Presenter", "Presenter\Presenter.csproj", "{F043BF63-AEF5-4722-A6D3-0F7E618B2E5D}"
EndProject
Project("{9A19103F-16F7-4668-BE54-9A1E7A4F7556}") = "Tests", "IntegrationTests\Tests.csproj", "{25CE7609-F5D5-4746-B4A6-814D9B730C0C}"
EndProject
Global
	GlobalSection(SolutionConfigurationPlatforms) = preSolution
		Debug|Any CPU = Debug|Any CPU
		Release|Any CPU = Release|Any CPU
	EndGlobalSection
	GlobalSection(ProjectConfigurationPlatforms) = postSolution
		{7BF2F78B-5BF6-423C-8247-2A052F3EAE77}.Debug|Any CPU.ActiveCfg = Debug|Any CPU
		{7BF2F78B-5BF6-423C-8247-2A052F3EAE77}.Debug|Any CPU.Build.0 = Debug|Any CPU
		{7BF2F78B-5BF6-423C-8247-2A052F3EAE77}.Release|Any CPU.ActiveCfg = Release|Any CPU
		{7BF2F78B-5BF6-423C-8247-2A052F3EAE77}.Release|Any CPU.Build.0 = Release|Any CPU
		{6077FFD7-9584-4812-AEE5-4F79AFBF0B9D}.Debug|Any CPU.ActiveCfg = Debug|Any CPU
		{6077FFD7-9584-4812-AEE5-4F79AFBF0B9D}.Debug|Any CPU.Build.0 = Debug|Any CPU
		{6077FFD7-9584-4812-AEE5-4F79AFBF0B9D}.Release|Any CPU.ActiveCfg = Release|Any CPU
		{6077FFD7-9584-4812-AEE5-4F79AFBF0B9D}.Release|Any CPU.Build.0 = Release|Any CPU
		{D49B030A-8560-43E3-BEBE-FA979AC48046}.Debug|Any CPU.ActiveCfg = Debug|Any CPU
		{D49B030A-8560-43E3-BEBE-FA979AC48046}.Debug|Any CPU.Build.0 = Debug|Any CPU
		{D49B030A-8560-43E3-BEBE-FA979AC48046}.Release|Any CPU.ActiveCfg = Release|Any CPU
		{D49B030A-8560-43E3-BEBE-FA979AC48046}.Release|Any CPU.Build.0 = Release|Any CPU
		{F043BF63-AEF5-4722-A6D3-0F7E618B2E5D}.Debug|Any CPU.ActiveCfg = Debug|Any CPU
		{F043BF63-AEF5-4722-A6D3-0F7E618B2E5D}.Debug|Any CPU.Build.0 = Debug|Any CPU
		{F043BF63-AEF5-4722-A6D3-0F7E618B2E5D}.Release|Any CPU.ActiveCfg = Release|Any CPU
		{F043BF63-AEF5-4722-A6D3-0F7E618B2E5D}.Release|Any CPU.Build.0 = Release|Any CPU
		{25CE7609-F5D5-4746-B4A6-814D9B730C0C}.Debug|Any CPU.ActiveCfg = Debug|Any CPU
		{25CE7609-F5D5-4746-B4A6-814D9B730C0C}.Debug|Any CPU.Build.0 = Debug|Any CPU
		{25CE7609-F5D5-4746-B4A6-814D9B730C0C}.Release|Any CPU.ActiveCfg = Release|Any CPU
		{25CE7609-F5D5-4746-B4A6-814D9B730C0C}.Release|Any CPU.Build.0 = Release|Any CPU
	EndGlobalSection
	GlobalSection(SolutionProperties) = preSolution
		HideSolutionNode = FALSE
	EndGlobalSection
	GlobalSection(ExtensibilityGlobals) = postSolution
		SolutionGuid = {9323D61C-FE60-4438-B4AB-7273B1031099}
	EndGlobalSection
EndGlobal
